
Microsoft Visual Studio Solution File, Format Version 12.00
# Visual Studio 15
VisualStudioVersion = 15.0.26430.6
MinimumVisualStudioVersion = 10.0.40219.1
Project("{FAE04EC0-301F-11D3-BF4B-00C04F79EFBC}") = "Core UWP", "src\LagoVista.Core.UWP\Core UWP.csproj", "{12F1D893-A53B-44D6-9A9A-2922D9E7E38A}"
EndProject
Project("{2150E333-8FDC-42A3-9474-1A3956D46DE8}") = "Solution Items", "Solution Items", "{130ED3D2-FAD9-4BE5-8D71-F827A0856660}"
	ProjectSection(SolutionItems) = preProject
		BuildAll.ps1 = BuildAll.ps1
		CreateLocalPackages.ps1 = CreateLocalPackages.ps1
		LICENSE = LICENSE
		PublishRemotePackages.ps1 = PublishRemotePackages.ps1
		README.md = README.md
		UpdateNuspecVersion.ps1 = UpdateNuspecVersion.ps1
	EndProjectSection
EndProject
Project("{FAE04EC0-301F-11D3-BF4B-00C04F79EFBC}") = "UWP UI", "src\LagoVista.UWP.UI\UWP UI.csproj", "{67943818-34FA-44B0-B5AA-DF7761B980B8}"
EndProject
Project("{FAE04EC0-301F-11D3-BF4B-00C04F79EFBC}") = "LagoVista.UWP.Examples", "src\LagoVista.UWP.Examples\LagoVista.UWP.Examples.csproj", "{9C466F41-2DED-4714-A83C-520776C945A0}"
EndProject
Project("{FAE04EC0-301F-11D3-BF4B-00C04F79EFBC}") = "LagoVista.UWP.Server.Examples", "src\LagoVista.UWP.Server.Examples\LagoVista.UWP.Server.Examples.csproj", "{756817F3-B595-456A-8D78-D415D56F8219}"
EndProject
Global
	GlobalSection(SolutionConfigurationPlatforms) = preSolution
		Debug|Any CPU = Debug|Any CPU
		Debug|ARM = Debug|ARM
		Debug|x64 = Debug|x64
		Debug|x86 = Debug|x86
		Release|Any CPU = Release|Any CPU
		Release|ARM = Release|ARM
		Release|x64 = Release|x64
		Release|x86 = Release|x86
	EndGlobalSection
	GlobalSection(ProjectConfigurationPlatforms) = postSolution
		{12F1D893-A53B-44D6-9A9A-2922D9E7E38A}.Debug|Any CPU.ActiveCfg = Debug|Any CPU
		{12F1D893-A53B-44D6-9A9A-2922D9E7E38A}.Debug|Any CPU.Build.0 = Debug|Any CPU
		{12F1D893-A53B-44D6-9A9A-2922D9E7E38A}.Debug|ARM.ActiveCfg = Debug|ARM
		{12F1D893-A53B-44D6-9A9A-2922D9E7E38A}.Debug|ARM.Build.0 = Debug|ARM
		{12F1D893-A53B-44D6-9A9A-2922D9E7E38A}.Debug|x64.ActiveCfg = Debug|x64
		{12F1D893-A53B-44D6-9A9A-2922D9E7E38A}.Debug|x64.Build.0 = Debug|x64
		{12F1D893-A53B-44D6-9A9A-2922D9E7E38A}.Debug|x86.ActiveCfg = Debug|x86
		{12F1D893-A53B-44D6-9A9A-2922D9E7E38A}.Debug|x86.Build.0 = Debug|x86
		{12F1D893-A53B-44D6-9A9A-2922D9E7E38A}.Release|Any CPU.ActiveCfg = Release|Any CPU
		{12F1D893-A53B-44D6-9A9A-2922D9E7E38A}.Release|Any CPU.Build.0 = Release|Any CPU
		{12F1D893-A53B-44D6-9A9A-2922D9E7E38A}.Release|ARM.ActiveCfg = Release|ARM
		{12F1D893-A53B-44D6-9A9A-2922D9E7E38A}.Release|ARM.Build.0 = Release|ARM
		{12F1D893-A53B-44D6-9A9A-2922D9E7E38A}.Release|x64.ActiveCfg = Release|x64
		{12F1D893-A53B-44D6-9A9A-2922D9E7E38A}.Release|x64.Build.0 = Release|x64
		{12F1D893-A53B-44D6-9A9A-2922D9E7E38A}.Release|x86.ActiveCfg = Release|x86
		{12F1D893-A53B-44D6-9A9A-2922D9E7E38A}.Release|x86.Build.0 = Release|x86
		{67943818-34FA-44B0-B5AA-DF7761B980B8}.Debug|Any CPU.ActiveCfg = Debug|Any CPU
		{67943818-34FA-44B0-B5AA-DF7761B980B8}.Debug|Any CPU.Build.0 = Debug|Any CPU
		{67943818-34FA-44B0-B5AA-DF7761B980B8}.Debug|ARM.ActiveCfg = Debug|ARM
		{67943818-34FA-44B0-B5AA-DF7761B980B8}.Debug|ARM.Build.0 = Debug|ARM
		{67943818-34FA-44B0-B5AA-DF7761B980B8}.Debug|x64.ActiveCfg = Debug|x64
		{67943818-34FA-44B0-B5AA-DF7761B980B8}.Debug|x64.Build.0 = Debug|x64
		{67943818-34FA-44B0-B5AA-DF7761B980B8}.Debug|x86.ActiveCfg = Debug|x86
		{67943818-34FA-44B0-B5AA-DF7761B980B8}.Debug|x86.Build.0 = Debug|x86
		{67943818-34FA-44B0-B5AA-DF7761B980B8}.Release|Any CPU.ActiveCfg = Release|Any CPU
		{67943818-34FA-44B0-B5AA-DF7761B980B8}.Release|Any CPU.Build.0 = Release|Any CPU
		{67943818-34FA-44B0-B5AA-DF7761B980B8}.Release|ARM.ActiveCfg = Release|ARM
		{67943818-34FA-44B0-B5AA-DF7761B980B8}.Release|ARM.Build.0 = Release|ARM
		{67943818-34FA-44B0-B5AA-DF7761B980B8}.Release|x64.ActiveCfg = Release|x64
		{67943818-34FA-44B0-B5AA-DF7761B980B8}.Release|x64.Build.0 = Release|x64
		{67943818-34FA-44B0-B5AA-DF7761B980B8}.Release|x86.ActiveCfg = Release|x86
		{67943818-34FA-44B0-B5AA-DF7761B980B8}.Release|x86.Build.0 = Release|x86
		{9C466F41-2DED-4714-A83C-520776C945A0}.Debug|Any CPU.ActiveCfg = Debug|x86
		{9C466F41-2DED-4714-A83C-520776C945A0}.Debug|ARM.ActiveCfg = Debug|ARM
		{9C466F41-2DED-4714-A83C-520776C945A0}.Debug|ARM.Build.0 = Debug|ARM
		{9C466F41-2DED-4714-A83C-520776C945A0}.Debug|ARM.Deploy.0 = Debug|ARM
		{9C466F41-2DED-4714-A83C-520776C945A0}.Debug|x64.ActiveCfg = Debug|x64
		{9C466F41-2DED-4714-A83C-520776C945A0}.Debug|x64.Build.0 = Debug|x64
		{9C466F41-2DED-4714-A83C-520776C945A0}.Debug|x64.Deploy.0 = Debug|x64
		{9C466F41-2DED-4714-A83C-520776C945A0}.Debug|x86.ActiveCfg = Debug|x86
		{9C466F41-2DED-4714-A83C-520776C945A0}.Debug|x86.Build.0 = Debug|x86
		{9C466F41-2DED-4714-A83C-520776C945A0}.Debug|x86.Deploy.0 = Debug|x86
		{9C466F41-2DED-4714-A83C-520776C945A0}.Release|Any CPU.ActiveCfg = Release|x86
		{9C466F41-2DED-4714-A83C-520776C945A0}.Release|ARM.ActiveCfg = Release|ARM
		{9C466F41-2DED-4714-A83C-520776C945A0}.Release|ARM.Build.0 = Release|ARM
		{9C466F41-2DED-4714-A83C-520776C945A0}.Release|ARM.Deploy.0 = Release|ARM
		{9C466F41-2DED-4714-A83C-520776C945A0}.Release|x64.ActiveCfg = Release|x64
		{9C466F41-2DED-4714-A83C-520776C945A0}.Release|x64.Build.0 = Release|x64
		{9C466F41-2DED-4714-A83C-520776C945A0}.Release|x64.Deploy.0 = Release|x64
		{9C466F41-2DED-4714-A83C-520776C945A0}.Release|x86.ActiveCfg = Release|x86
		{9C466F41-2DED-4714-A83C-520776C945A0}.Release|x86.Build.0 = Release|x86
		{9C466F41-2DED-4714-A83C-520776C945A0}.Release|x86.Deploy.0 = Release|x86
		{756817F3-B595-456A-8D78-D415D56F8219}.Debug|Any CPU.ActiveCfg = Debug|x86
		{756817F3-B595-456A-8D78-D415D56F8219}.Debug|ARM.ActiveCfg = Debug|ARM
		{756817F3-B595-456A-8D78-D415D56F8219}.Debug|ARM.Build.0 = Debug|ARM
		{756817F3-B595-456A-8D78-D415D56F8219}.Debug|ARM.Deploy.0 = Debug|ARM
		{756817F3-B595-456A-8D78-D415D56F8219}.Debug|x64.ActiveCfg = Debug|x64
		{756817F3-B595-456A-8D78-D415D56F8219}.Debug|x64.Build.0 = Debug|x64
		{756817F3-B595-456A-8D78-D415D56F8219}.Debug|x64.Deploy.0 = Debug|x64
		{756817F3-B595-456A-8D78-D415D56F8219}.Debug|x86.ActiveCfg = Debug|x86
		{756817F3-B595-456A-8D78-D415D56F8219}.Debug|x86.Build.0 = Debug|x86
		{756817F3-B595-456A-8D78-D415D56F8219}.Debug|x86.Deploy.0 = Debug|x86
		{756817F3-B595-456A-8D78-D415D56F8219}.Release|Any CPU.ActiveCfg = Release|x86
		{756817F3-B595-456A-8D78-D415D56F8219}.Release|ARM.ActiveCfg = Release|ARM
		{756817F3-B595-456A-8D78-D415D56F8219}.Release|ARM.Build.0 = Release|ARM
		{756817F3-B595-456A-8D78-D415D56F8219}.Release|ARM.Deploy.0 = Release|ARM
		{756817F3-B595-456A-8D78-D415D56F8219}.Release|x64.ActiveCfg = Release|x64
		{756817F3-B595-456A-8D78-D415D56F8219}.Release|x64.Build.0 = Release|x64
		{756817F3-B595-456A-8D78-D415D56F8219}.Release|x64.Deploy.0 = Release|x64
		{756817F3-B595-456A-8D78-D415D56F8219}.Release|x86.ActiveCfg = Release|x86
		{756817F3-B595-456A-8D78-D415D56F8219}.Release|x86.Build.0 = Release|x86
		{756817F3-B595-456A-8D78-D415D56F8219}.Release|x86.Deploy.0 = Release|x86
	EndGlobalSection
	GlobalSection(SolutionProperties) = preSolution
		HideSolutionNode = FALSE
	EndGlobalSection
EndGlobal
